
Microsoft Visual Studio Solution File, Format Version 12.00
# Visual Studio Version 17
VisualStudioVersion = 17.5.33502.453
MinimumVisualStudioVersion = 10.0.40219.1
Project("{FAE04EC0-301F-11D3-BF4B-00C04F79EFBC}") = "WinFormsApp33", "WinFormsApp33\WinFormsApp33.csproj", "{296039CF-8418-4915-8D99-F8D870E08FCF}"
EndProject
Global
	GlobalSection(SolutionConfigurationPlatforms) = preSolution
		Debug|Any CPU = Debug|Any CPU
		Release|Any CPU = Release|Any CPU
	EndGlobalSection
	GlobalSection(ProjectConfigurationPlatforms) = postSolution
		{296039CF-8418-4915-8D99-F8D870E08FCF}.Debug|Any CPU.ActiveCfg = Debug|Any CPU
		{296039CF-8418-4915-8D99-F8D870E08FCF}.Debug|Any CPU.Build.0 = Debug|Any CPU
		{296039CF-8418-4915-8D99-F8D870E08FCF}.Release|Any CPU.ActiveCfg = Release|Any CPU
		{296039CF-8418-4915-8D99-F8D870E08FCF}.Release|Any CPU.Build.0 = Release|Any CPU
	EndGlobalSection
	GlobalSection(SolutionProperties) = preSolution
		HideSolutionNode = FALSE
	EndGlobalSection
	GlobalSection(ExtensibilityGlobals) = postSolution
		SolutionGuid = {9F5B0FD8-A1B6-426A-9F62-EC48BF5AA882}
	EndGlobalSection
EndGlobal
